// !$*UTF8*$!
{
	archiveVersion = 1;
	classes = {
	};
	objectVersion = 46;
	objects = {

/* Begin PBXBuildFile section */
		428F0B731DE4ABF700B065BE /* AppDelegate.swift in Sources */ = {isa = PBXBuildFile; fileRef = 428F0B721DE4ABF700B065BE /* AppDelegate.swift */; };
		428F0B751DE4ABF700B065BE /* ViewController.swift in Sources */ = {isa = PBXBuildFile; fileRef = 428F0B741DE4ABF700B065BE /* ViewController.swift */; };
		428F0B781DE4ABF700B065BE /* Main.storyboard in Resources */ = {isa = PBXBuildFile; fileRef = 428F0B761DE4ABF700B065BE /* Main.storyboard */; };
		428F0B7A1DE4ABF700B065BE /* Assets.xcassets in Resources */ = {isa = PBXBuildFile; fileRef = 428F0B791DE4ABF700B065BE /* Assets.xcassets */; };
		428F0B7D1DE4ABF700B065BE /* LaunchScreen.storyboard in Resources */ = {isa = PBXBuildFile; fileRef = 428F0B7B1DE4ABF700B065BE /* LaunchScreen.storyboard */; };
		428F0B881DE4ABF700B065BE /* ImageScalingTests.swift in Sources */ = {isa = PBXBuildFile; fileRef = 428F0B871DE4ABF700B065BE /* ImageScalingTests.swift */; };
		428F0B931DE4ABF700B065BE /* ImageScalingUITests.swift in Sources */ = {isa = PBXBuildFile; fileRef = 428F0B921DE4ABF700B065BE /* ImageScalingUITests.swift */; };
/* End PBXBuildFile section */

/* Begin PBXContainerItemProxy section */
		428F0B841DE4ABF700B065BE /* PBXContainerItemProxy */ = {
			isa = PBXContainerItemProxy;
			containerPortal = 428F0B671DE4ABF600B065BE /* Project object */;
			proxyType = 1;
			remoteGlobalIDString = 428F0B6E1DE4ABF600B065BE;
			remoteInfo = ImageScaling;
		};
		428F0B8F1DE4ABF700B065BE /* PBXContainerItemProxy */ = {
			isa = PBXContainerItemProxy;
			containerPortal = 428F0B671DE4ABF600B065BE /* Project object */;
			proxyType = 1;
			remoteGlobalIDString = 428F0B6E1DE4ABF600B065BE;
			remoteInfo = ImageScaling;
		};
/* End PBXContainerItemProxy section */

/* Begin PBXFileReference section */
		428F0B6F1DE4ABF700B065BE /* ImageScaling.app */ = {isa = PBXFileReference; explicitFileType = wrapper.application; includeInIndex = 0; path = ImageScaling.app; sourceTree = BUILT_PRODUCTS_DIR; };
		428F0B721DE4ABF700B065BE /* AppDelegate.swift */ = {isa = PBXFileReference; lastKnownFileType = sourcecode.swift; path = AppDelegate.swift; sourceTree = "<group>"; };
		428F0B741DE4ABF700B065BE /* ViewController.swift */ = {isa = PBXFileReference; lastKnownFileType = sourcecode.swift; path = ViewController.swift; sourceTree = "<group>"; };
		428F0B771DE4ABF700B065BE /* Base */ = {isa = PBXFileReference; lastKnownFileType = file.storyboard; name = Base; path = Base.lproj/Main.storyboard; sourceTree = "<group>"; };
		428F0B791DE4ABF700B065BE /* Assets.xcassets */ = {isa = PBXFileReference; lastKnownFileType = folder.assetcatalog; path = Assets.xcassets; sourceTree = "<group>"; };
		428F0B7C1DE4ABF700B065BE /* Base */ = {isa = PBXFileReference; lastKnownFileType = file.storyboard; name = Base; path = Base.lproj/LaunchScreen.storyboard; sourceTree = "<group>"; };
		428F0B7E1DE4ABF700B065BE /* Info.plist */ = {isa = PBXFileReference; lastKnownFileType = text.plist.xml; path = Info.plist; sourceTree = "<group>"; };
		428F0B831DE4ABF700B065BE /* ImageScalingTests.xctest */ = {isa = PBXFileReference; explicitFileType = wrapper.cfbundle; includeInIndex = 0; path = ImageScalingTests.xctest; sourceTree = BUILT_PRODUCTS_DIR; };
		428F0B871DE4ABF700B065BE /* ImageScalingTests.swift */ = {isa = PBXFileReference; lastKnownFileType = sourcecode.swift; path = ImageScalingTests.swift; sourceTree = "<group>"; };
		428F0B891DE4ABF700B065BE /* Info.plist */ = {isa = PBXFileReference; lastKnownFileType = text.plist.xml; path = Info.plist; sourceTree = "<group>"; };
		428F0B8E1DE4ABF700B065BE /* ImageScalingUITests.xctest */ = {isa = PBXFileReference; explicitFileType = wrapper.cfbundle; includeInIndex = 0; path = ImageScalingUITests.xctest; sourceTree = BUILT_PRODUCTS_DIR; };
		428F0B921DE4ABF700B065BE /* ImageScalingUITests.swift */ = {isa = PBXFileReference; lastKnownFileType = sourcecode.swift; path = ImageScalingUITests.swift; sourceTree = "<group>"; };
		428F0B941DE4ABF700B065BE /* Info.plist */ = {isa = PBXFileReference; lastKnownFileType = text.plist.xml; path = Info.plist; sourceTree = "<group>"; };
/* End PBXFileReference section */

/* Begin PBXFrameworksBuildPhase section */
		428F0B6C1DE4ABF600B065BE /* Frameworks */ = {
			isa = PBXFrameworksBuildPhase;
			buildActionMask = 2147483647;
			files = (
			);
			runOnlyForDeploymentPostprocessing = 0;
		};
		428F0B801DE4ABF700B065BE /* Frameworks */ = {
			isa = PBXFrameworksBuildPhase;
			buildActionMask = 2147483647;
			files = (
			);
			runOnlyForDeploymentPostprocessing = 0;
		};
		428F0B8B1DE4ABF700B065BE /* Frameworks */ = {
			isa = PBXFrameworksBuildPhase;
			buildActionMask = 2147483647;
			files = (
			);
			runOnlyForDeploymentPostprocessing = 0;
		};
/* End PBXFrameworksBuildPhase section */

/* Begin PBXGroup section */
		428F0B661DE4ABF600B065BE = {
			isa = PBXGroup;
			children = (
				428F0B711DE4ABF700B065BE /* ImageScaling */,
				428F0B861DE4ABF700B065BE /* ImageScalingTests */,
				428F0B911DE4ABF700B065BE /* ImageScalingUITests */,
				428F0B701DE4ABF700B065BE /* Products */,
			);
			sourceTree = "<group>";
		};
		428F0B701DE4ABF700B065BE /* Products */ = {
			isa = PBXGroup;
			children = (
				428F0B6F1DE4ABF700B065BE /* ImageScaling.app */,
				428F0B831DE4ABF700B065BE /* ImageScalingTests.xctest */,
				428F0B8E1DE4ABF700B065BE /* ImageScalingUITests.xctest */,
			);
			name = Products;
			sourceTree = "<group>";
		};
		428F0B711DE4ABF700B065BE /* ImageScaling */ = {
			isa = PBXGroup;
			children = (
				428F0B721DE4ABF700B065BE /* AppDelegate.swift */,
				428F0B741DE4ABF700B065BE /* ViewController.swift */,
				428F0B761DE4ABF700B065BE /* Main.storyboard */,
				428F0B791DE4ABF700B065BE /* Assets.xcassets */,
				428F0B7B1DE4ABF700B065BE /* LaunchScreen.storyboard */,
				428F0B7E1DE4ABF700B065BE /* Info.plist */,
			);
			path = ImageScaling;
			sourceTree = "<group>";
		};
		428F0B861DE4ABF700B065BE /* ImageScalingTests */ = {
			isa = PBXGroup;
			children = (
				428F0B871DE4ABF700B065BE /* ImageScalingTests.swift */,
				428F0B891DE4ABF700B065BE /* Info.plist */,
			);
			path = ImageScalingTests;
			sourceTree = "<group>";
		};
		428F0B911DE4ABF700B065BE /* ImageScalingUITests */ = {
			isa = PBXGroup;
			children = (
				428F0B921DE4ABF700B065BE /* ImageScalingUITests.swift */,
				428F0B941DE4ABF700B065BE /* Info.plist */,
			);
			path = ImageScalingUITests;
			sourceTree = "<group>";
		};
/* End PBXGroup section */

/* Begin PBXNativeTarget section */
		428F0B6E1DE4ABF600B065BE /* ImageScaling */ = {
			isa = PBXNativeTarget;
			buildConfigurationList = 428F0B971DE4ABF700B065BE /* Build configuration list for PBXNativeTarget "ImageScaling" */;
			buildPhases = (
				428F0B6B1DE4ABF600B065BE /* Sources */,
				428F0B6C1DE4ABF600B065BE /* Frameworks */,
				428F0B6D1DE4ABF600B065BE /* Resources */,
			);
			buildRules = (
			);
			dependencies = (
			);
			name = ImageScaling;
			productName = ImageScaling;
			productReference = 428F0B6F1DE4ABF700B065BE /* ImageScaling.app */;
			productType = "com.apple.product-type.application";
		};
		428F0B821DE4ABF700B065BE /* ImageScalingTests */ = {
			isa = PBXNativeTarget;
			buildConfigurationList = 428F0B9A1DE4ABF700B065BE /* Build configuration list for PBXNativeTarget "ImageScalingTests" */;
			buildPhases = (
				428F0B7F1DE4ABF700B065BE /* Sources */,
				428F0B801DE4ABF700B065BE /* Frameworks */,
				428F0B811DE4ABF700B065BE /* Resources */,
			);
			buildRules = (
			);
			dependencies = (
				428F0B851DE4ABF700B065BE /* PBXTargetDependency */,
			);
			name = ImageScalingTests;
			productName = ImageScalingTests;
			productReference = 428F0B831DE4ABF700B065BE /* ImageScalingTests.xctest */;
			productType = "com.apple.product-type.bundle.unit-test";
		};
		428F0B8D1DE4ABF700B065BE /* ImageScalingUITests */ = {
			isa = PBXNativeTarget;
			buildConfigurationList = 428F0B9D1DE4ABF700B065BE /* Build configuration list for PBXNativeTarget "ImageScalingUITests" */;
			buildPhases = (
				428F0B8A1DE4ABF700B065BE /* Sources */,
				428F0B8B1DE4ABF700B065BE /* Frameworks */,
				428F0B8C1DE4ABF700B065BE /* Resources */,
			);
			buildRules = (
			);
			dependencies = (
				428F0B901DE4ABF700B065BE /* PBXTargetDependency */,
			);
			name = ImageScalingUITests;
			productName = ImageScalingUITests;
			productReference = 428F0B8E1DE4ABF700B065BE /* ImageScalingUITests.xctest */;
			productType = "com.apple.product-type.bundle.ui-testing";
		};
/* End PBXNativeTarget section */

/* Begin PBXProject section */
		428F0B671DE4ABF600B065BE /* Project object */ = {
			isa = PBXProject;
			attributes = {
				LastSwiftUpdateCheck = 0810;
				LastUpgradeCheck = 0810;
				ORGANIZATIONNAME = "Suraphan Laokondee";
				TargetAttributes = {
					428F0B6E1DE4ABF600B065BE = {
						CreatedOnToolsVersion = 8.1;
						DevelopmentTeam = F86DW2R66C;
						ProvisioningStyle = Automatic;
					};
					428F0B821DE4ABF700B065BE = {
						CreatedOnToolsVersion = 8.1;
						DevelopmentTeam = F86DW2R66C;
						ProvisioningStyle = Automatic;
						TestTargetID = 428F0B6E1DE4ABF600B065BE;
					};
					428F0B8D1DE4ABF700B065BE = {
						CreatedOnToolsVersion = 8.1;
						DevelopmentTeam = F86DW2R66C;
						ProvisioningStyle = Automatic;
						TestTargetID = 428F0B6E1DE4ABF600B065BE;
					};
				};
			};
			buildConfigurationList = 428F0B6A1DE4ABF600B065BE /* Build configuration list for PBXProject "ImageScaling" */;
			compatibilityVersion = "Xcode 3.2";
			developmentRegion = English;
			hasScannedForEncodings = 0;
			knownRegions = (
				en,
				Base,
			);
			mainGroup = 428F0B661DE4ABF600B065BE;
			productRefGroup = 428F0B701DE4ABF700B065BE /* Products */;
			projectDirPath = "";
			projectRoot = "";
			targets = (
				428F0B6E1DE4ABF600B065BE /* ImageScaling */,
				428F0B821DE4ABF700B065BE /* ImageScalingTests */,
				428F0B8D1DE4ABF700B065BE /* ImageScalingUITests */,
			);
		};
/* End PBXProject section */

/* Begin PBXResourcesBuildPhase section */
		428F0B6D1DE4ABF600B065BE /* Resources */ = {
			isa = PBXResourcesBuildPhase;
			buildActionMask = 2147483647;
			files = (
				428F0B7D1DE4ABF700B065BE /* LaunchScreen.storyboard in Resources */,
				428F0B7A1DE4ABF700B065BE /* Assets.xcassets in Resources */,
				428F0B781DE4ABF700B065BE /* Main.storyboard in Resources */,
			);
			runOnlyForDeploymentPostprocessing = 0;
		};
		428F0B811DE4ABF700B065BE /* Resources */ = {
			isa = PBXResourcesBuildPhase;
			buildActionMask = 2147483647;
			files = (
			);
			runOnlyForDeploymentPostprocessing = 0;
		};
		428F0B8C1DE4ABF700B065BE /* Resources */ = {
			isa = PBXResourcesBuildPhase;
			buildActionMask = 2147483647;
			files = (
			);
			runOnlyForDeploymentPostprocessing = 0;
		};
/* End PBXResourcesBuildPhase section */

/* Begin PBXSourcesBuildPhase section */
		428F0B6B1DE4ABF600B065BE /* Sources */ = {
			isa = PBXSourcesBuildPhase;
			buildActionMask = 2147483647;
			files = (
				428F0B751DE4ABF700B065BE /* ViewController.swift in Sources */,
				428F0B731DE4ABF700B065BE /* AppDelegate.swift in Sources */,
			);
			runOnlyForDeploymentPostprocessing = 0;
		};
		428F0B7F1DE4ABF700B065BE /* Sources */ = {
			isa = PBXSourcesBuildPhase;
			buildActionMask = 2147483647;
			files = (
				428F0B881DE4ABF700B065BE /* ImageScalingTests.swift in Sources */,
			);
			runOnlyForDeploymentPostprocessing = 0;
		};
		428F0B8A1DE4ABF700B065BE /* Sources */ = {
			isa = PBXSourcesBuildPhase;
			buildActionMask = 2147483647;
			files = (
				428F0B931DE4ABF700B065BE /* ImageScalingUITests.swift in Sources */,
			);
			runOnlyForDeploymentPostprocessing = 0;
		};
/* End PBXSourcesBuildPhase section */

/* Begin PBXTargetDependency section */
		428F0B851DE4ABF700B065BE /* PBXTargetDependency */ = {
			isa = PBXTargetDependency;
			target = 428F0B6E1DE4ABF600B065BE /* ImageScaling */;
			targetProxy = 428F0B841DE4ABF700B065BE /* PBXContainerItemProxy */;
		};
		428F0B901DE4ABF700B065BE /* PBXTargetDependency */ = {
			isa = PBXTargetDependency;
			target = 428F0B6E1DE4ABF600B065BE /* ImageScaling */;
			targetProxy = 428F0B8F1DE4ABF700B065BE /* PBXContainerItemProxy */;
		};
/* End PBXTargetDependency section */

/* Begin PBXVariantGroup section */
		428F0B761DE4ABF700B065BE /* Main.storyboard */ = {
			isa = PBXVariantGroup;
			children = (
				428F0B771DE4ABF700B065BE /* Base */,
			);
			name = Main.storyboard;
			sourceTree = "<group>";
		};
		428F0B7B1DE4ABF700B065BE /* LaunchScreen.storyboard */ = {
			isa = PBXVariantGroup;
			children = (
				428F0B7C1DE4ABF700B065BE /* Base */,
			);
			name = LaunchScreen.storyboard;
			sourceTree = "<group>";
		};
/* End PBXVariantGroup section */

/* Begin XCBuildConfiguration section */
		428F0B951DE4ABF700B065BE /* Debug */ = {
			isa = XCBuildConfiguration;
			buildSettings = {
				ALWAYS_SEARCH_USER_PATHS = NO;
				CLANG_ANALYZER_NONNULL = YES;
				CLANG_CXX_LANGUAGE_STANDARD = "gnu++0x";
				CLANG_CXX_LIBRARY = "libc++";
				CLANG_ENABLE_MODULES = YES;
				CLANG_ENABLE_OBJC_ARC = YES;
				CLANG_WARN_BOOL_CONVERSION = YES;
				CLANG_WARN_CONSTANT_CONVERSION = YES;
				CLANG_WARN_DIRECT_OBJC_ISA_USAGE = YES_ERROR;
				CLANG_WARN_DOCUMENTATION_COMMENTS = YES;
				CLANG_WARN_EMPTY_BODY = YES;
				CLANG_WARN_ENUM_CONVERSION = YES;
				CLANG_WARN_INFINITE_RECURSION = YES;
				CLANG_WARN_INT_CONVERSION = YES;
				CLANG_WARN_OBJC_ROOT_CLASS = YES_ERROR;
				CLANG_WARN_SUSPICIOUS_MOVES = YES;
				CLANG_WARN_UNREACHABLE_CODE = YES;
				CLANG_WARN__DUPLICATE_METHOD_MATCH = YES;
				"CODE_SIGN_IDENTITY[sdk=iphoneos*]" = "iPhone Developer";
				COPY_PHASE_STRIP = NO;
				DEBUG_INFORMATION_FORMAT = dwarf;
				ENABLE_STRICT_OBJC_MSGSEND = YES;
				ENABLE_TESTABILITY = YES;
				GCC_C_LANGUAGE_STANDARD = gnu99;
				GCC_DYNAMIC_NO_PIC = NO;
				GCC_NO_COMMON_BLOCKS = YES;
				GCC_OPTIMIZATION_LEVEL = 0;
				GCC_PREPROCESSOR_DEFINITIONS = (
					"DEBUG=1",
					"$(inherited)",
				);
				GCC_WARN_64_TO_32_BIT_CONVERSION = YES;
				GCC_WARN_ABOUT_RETURN_TYPE = YES_ERROR;
				GCC_WARN_UNDECLARED_SELECTOR = YES;
				GCC_WARN_UNINITIALIZED_AUTOS = YES_AGGRESSIVE;
				GCC_WARN_UNUSED_FUNCTION = YES;
				GCC_WARN_UNUSED_VARIABLE = YES;
				IPHONEOS_DEPLOYMENT_TARGET = 10.1;
				MTL_ENABLE_DEBUG_INFO = YES;
				ONLY_ACTIVE_ARCH = YES;
				SDKROOT = iphoneos;
				SWIFT_ACTIVE_COMPILATION_CONDITIONS = DEBUG;
				SWIFT_OPTIMIZATION_LEVEL = "-Onone";
				TARGETED_DEVICE_FAMILY = "1,2";
			};
			name = Debug;
		};
		428F0B961DE4ABF700B065BE /* Release */ = {
			isa = XCBuildConfiguration;
			buildSettings = {
				ALWAYS_SEARCH_USER_PATHS = NO;
				CLANG_ANALYZER_NONNULL = YES;
				CLANG_CXX_LANGUAGE_STANDARD = "gnu++0x";
				CLANG_CXX_LIBRARY = "libc++";
				CLANG_ENABLE_MODULES = YES;
				CLANG_ENABLE_OBJC_ARC = YES;
				CLANG_WARN_BOOL_CONVERSION = YES;
				CLANG_WARN_CONSTANT_CONVERSION = YES;
				CLANG_WARN_DIRECT_OBJC_ISA_USAGE = YES_ERROR;
				CLANG_WARN_DOCUMENTATION_COMMENTS = YES;
				CLANG_WARN_EMPTY_BODY = YES;
				CLANG_WARN_ENUM_CONVERSION = YES;
				CLANG_WARN_INFINITE_RECURSION = YES;
				CLANG_WARN_INT_CONVERSION = YES;
				CLANG_WARN_OBJC_ROOT_CLASS = YES_ERROR;
				CLANG_WARN_SUSPICIOUS_MOVES = YES;
				CLANG_WARN_UNREACHABLE_CODE = YES;
				CLANG_WARN__DUPLICATE_METHOD_MATCH = YES;
				"CODE_SIGN_IDENTITY[sdk=iphoneos*]" = "iPhone Developer";
				COPY_PHASE_STRIP = NO;
				DEBUG_INFORMATION_FORMAT = "dwarf-with-dsym";
				ENABLE_NS_ASSERTIONS = NO;
				ENABLE_STRICT_OBJC_MSGSEND = YES;
				GCC_C_LANGUAGE_STANDARD = gnu99;
				GCC_NO_COMMON_BLOCKS = YES;
				GCC_WARN_64_TO_32_BIT_CONVERSION = YES;
				GCC_WARN_ABOUT_RETURN_TYPE = YES_ERROR;
				GCC_WARN_UNDECLARED_SELECTOR = YES;
				GCC_WARN_UNINITIALIZED_AUTOS = YES_AGGRESSIVE;
				GCC_WARN_UNUSED_FUNCTION = YES;
				GCC_WARN_UNUSED_VARIABLE = YES;
				IPHONEOS_DEPLOYMENT_TARGET = 10.1;
				MTL_ENABLE_DEBUG_INFO = NO;
				SDKROOT = iphoneos;
				SWIFT_OPTIMIZATION_LEVEL = "-Owholemodule";
				TARGETED_DEVICE_FAMILY = "1,2";
				VALIDATE_PRODUCT = YES;
			};
			name = Release;
		};
		428F0B981DE4ABF700B065BE /* Debug */ = {
			isa = XCBuildConfiguration;
			buildSettings = {
				ASSETCATALOG_COMPILER_APPICON_NAME = AppIcon;
				DEVELOPMENT_TEAM = F86DW2R66C;
				INFOPLIST_FILE = ImageScaling/Info.plist;
				LD_RUNPATH_SEARCH_PATHS = "$(inherited) @executable_path/Frameworks";
				PRODUCT_BUNDLE_IDENTIFIER = com.suraphan.laokondee.ImageScaling;
				PRODUCT_NAME = "$(TARGET_NAME)";
				SWIFT_VERSION = 3.0;
			};
			name = Debug;
		};
		428F0B991DE4ABF700B065BE /* Release */ = {
			isa = XCBuildConfiguration;
			buildSettings = {
				ASSETCATALOG_COMPILER_APPICON_NAME = AppIcon;
				DEVELOPMENT_TEAM = F86DW2R66C;
				INFOPLIST_FILE = ImageScaling/Info.plist;
				LD_RUNPATH_SEARCH_PATHS = "$(inherited) @executable_path/Frameworks";
				PRODUCT_BUNDLE_IDENTIFIER = com.suraphan.laokondee.ImageScaling;
				PRODUCT_NAME = "$(TARGET_NAME)";
				SWIFT_VERSION = 3.0;
			};
			name = Release;
		};
		428F0B9B1DE4ABF700B065BE /* Debug */ = {
			isa = XCBuildConfiguration;
			buildSettings = {
				ALWAYS_EMBED_SWIFT_STANDARD_LIBRARIES = YES;
				BUNDLE_LOADER = "$(TEST_HOST)";
				DEVELOPMENT_TEAM = F86DW2R66C;
				INFOPLIST_FILE = ImageScalingTests/Info.plist;
				LD_RUNPATH_SEARCH_PATHS = "$(inherited) @executable_path/Frameworks @loader_path/Frameworks";
				PRODUCT_BUNDLE_IDENTIFIER = com.suraphan.laokondee.ImageScalingTests;
				PRODUCT_NAME = "$(TARGET_NAME)";
				SWIFT_VERSION = 3.0;
				TEST_HOST = "$(BUILT_PRODUCTS_DIR)/ImageScaling.app/ImageScaling";
			};
			name = Debug;
		};
		428F0B9C1DE4ABF700B065BE /* Release */ = {
			isa = XCBuildConfiguration;
			buildSettings = {
				ALWAYS_EMBED_SWIFT_STANDARD_LIBRARIES = YES;
				BUNDLE_LOADER = "$(TEST_HOST)";
				DEVELOPMENT_TEAM = F86DW2R66C;
				INFOPLIST_FILE = ImageScalingTests/Info.plist;
				LD_RUNPATH_SEARCH_PATHS = "$(inherited) @executable_path/Frameworks @loader_path/Frameworks";
				PRODUCT_BUNDLE_IDENTIFIER = com.suraphan.laokondee.ImageScalingTests;
				PRODUCT_NAME = "$(TARGET_NAME)";
				SWIFT_VERSION = 3.0;
				TEST_HOST = "$(BUILT_PRODUCTS_DIR)/ImageScaling.app/ImageScaling";
			};
			name = Release;
		};
		428F0B9E1DE4ABF700B065BE /* Debug */ = {
			isa = XCBuildConfiguration;
			buildSettings = {
				ALWAYS_EMBED_SWIFT_STANDARD_LIBRARIES = YES;
				DEVELOPMENT_TEAM = F86DW2R66C;
				INFOPLIST_FILE = ImageScalingUITests/Info.plist;
				LD_RUNPATH_SEARCH_PATHS = "$(inherited) @executable_path/Frameworks @loader_path/Frameworks";
				PRODUCT_BUNDLE_IDENTIFIER = com.suraphan.laokondee.ImageScalingUITests;
				PRODUCT_NAME = "$(TARGET_NAME)";
				SWIFT_VERSION = 3.0;
				TEST_TARGET_NAME = ImageScaling;
			};
			name = Debug;
		};
		428F0B9F1DE4ABF700B065BE /* Release */ = {
			isa = XCBuildConfiguration;
			buildSettings = {
				ALWAYS_EMBED_SWIFT_STANDARD_LIBRARIES = YES;
				DEVELOPMENT_TEAM = F86DW2R66C;
				INFOPLIST_FILE = ImageScalingUITests/Info.plist;
				LD_RUNPATH_SEARCH_PATHS = "$(inherited) @executable_path/Frameworks @loader_path/Frameworks";
				PRODUCT_BUNDLE_IDENTIFIER = com.suraphan.laokondee.ImageScalingUITests;
				PRODUCT_NAME = "$(TARGET_NAME)";
				SWIFT_VERSION = 3.0;
				TEST_TARGET_NAME = ImageScaling;
			};
			name = Release;
		};
/* End XCBuildConfiguration section */

/* Begin XCConfigurationList section */
		428F0B6A1DE4ABF600B065BE /* Build configuration list for PBXProject "ImageScaling" */ = {
			isa = XCConfigurationList;
			buildConfigurations = (
				428F0B951DE4ABF700B065BE /* Debug */,
				428F0B961DE4ABF700B065BE /* Release */,
			);
			defaultConfigurationIsVisible = 0;
			defaultConfigurationName = Release;
		};
		428F0B971DE4ABF700B065BE /* Build configuration list for PBXNativeTarget "ImageScaling" */ = {
			isa = XCConfigurationList;
			buildConfigurations = (
				428F0B981DE4ABF700B065BE /* Debug */,
				428F0B991DE4ABF700B065BE /* Release */,
			);
			defaultConfigurationIsVisible = 0;
		};
		428F0B9A1DE4ABF700B065BE /* Build configuration list for PBXNativeTarget "ImageScalingTests" */ = {
			isa = XCConfigurationList;
			buildConfigurations = (
				428F0B9B1DE4ABF700B065BE /* Debug */,
				428F0B9C1DE4ABF700B065BE /* Release */,
			);
			defaultConfigurationIsVisible = 0;
		};
		428F0B9D1DE4ABF700B065BE /* Build configuration list for PBXNativeTarget "ImageScalingUITests" */ = {
			isa = XCConfigurationList;
			buildConfigurations = (
				428F0B9E1DE4ABF700B065BE /* Debug */,
				428F0B9F1DE4ABF700B065BE /* Release */,
			);
			defaultConfigurationIsVisible = 0;
		};
/* End XCConfigurationList section */
	};
	rootObject = 428F0B671DE4ABF600B065BE /* Project object */;
}
